
Microsoft Visual Studio Solution File, Format Version 12.00
# Visual Studio 15
VisualStudioVersion = 15.0.28307.271
MinimumVisualStudioVersion = 10.0.40219.1
Project("{FAE04EC0-301F-11D3-BF4B-00C04F79EFBC}") = "producer", "producer\producer.csproj", "{A2862D96-4DD9-46B4-89C9-33424CB62A23}"
EndProject
Global
	GlobalSection(SolutionConfigurationPlatforms) = preSolution
		Debug|Any CPU = Debug|Any CPU
		Release|Any CPU = Release|Any CPU
	EndGlobalSection
	GlobalSection(ProjectConfigurationPlatforms) = postSolution
		{A2862D96-4DD9-46B4-89C9-33424CB62A23}.Debug|Any CPU.ActiveCfg = Debug|Any CPU
		{A2862D96-4DD9-46B4-89C9-33424CB62A23}.Debug|Any CPU.Build.0 = Debug|Any CPU
		{A2862D96-4DD9-46B4-89C9-33424CB62A23}.Release|Any CPU.ActiveCfg = Release|Any CPU
		{A2862D96-4DD9-46B4-89C9-33424CB62A23}.Release|Any CPU.Build.0 = Release|Any CPU
	EndGlobalSection
	GlobalSection(SolutionProperties) = preSolution
		HideSolutionNode = FALSE
	EndGlobalSection
	GlobalSection(ExtensibilityGlobals) = postSolution
		SolutionGuid = {9AA221D0-5B5C-4F4A-A457-09DC4E075248}
	EndGlobalSection
EndGlobal
